
Microsoft Visual Studio Solution File, Format Version 12.00
# Visual Studio Version 16
VisualStudioVersion = 16.0.30011.22
MinimumVisualStudioVersion = 10.0.40219.1
Project("{FAE04EC0-301F-11D3-BF4B-00C04F79EFBC}") = "Movie_Store_App", "Movie_Store_App\Movie_Store_App.csproj", "{D6450499-77DF-4C78-882F-F72AC00E904D}"
EndProject
Project("{FAE04EC0-301F-11D3-BF4B-00C04F79EFBC}") = "Movie_Store_App_Domain_Models", "Movie_Store_App_Domain_Models\Movie_Store_App_Domain_Models.csproj", "{0BDFC283-DD8F-4286-9340-2C17DD1C32CC}"
EndProject
Project("{FAE04EC0-301F-11D3-BF4B-00C04F79EFBC}") = "Movie_Store_App_Services", "Movie_Store_App_Services\Movie_Store_App_Services.csproj", "{B351AD19-AEFC-475A-98DF-AF3941EEAE21}"
EndProject
Global
	GlobalSection(SolutionConfigurationPlatforms) = preSolution
		Debug|Any CPU = Debug|Any CPU
		Release|Any CPU = Release|Any CPU
	EndGlobalSection
	GlobalSection(ProjectConfigurationPlatforms) = postSolution
		{D6450499-77DF-4C78-882F-F72AC00E904D}.Debug|Any CPU.ActiveCfg = Debug|Any CPU
		{D6450499-77DF-4C78-882F-F72AC00E904D}.Debug|Any CPU.Build.0 = Debug|Any CPU
		{D6450499-77DF-4C78-882F-F72AC00E904D}.Release|Any CPU.ActiveCfg = Release|Any CPU
		{D6450499-77DF-4C78-882F-F72AC00E904D}.Release|Any CPU.Build.0 = Release|Any CPU
		{0BDFC283-DD8F-4286-9340-2C17DD1C32CC}.Debug|Any CPU.ActiveCfg = Debug|Any CPU
		{0BDFC283-DD8F-4286-9340-2C17DD1C32CC}.Debug|Any CPU.Build.0 = Debug|Any CPU
		{0BDFC283-DD8F-4286-9340-2C17DD1C32CC}.Release|Any CPU.ActiveCfg = Release|Any CPU
		{0BDFC283-DD8F-4286-9340-2C17DD1C32CC}.Release|Any CPU.Build.0 = Release|Any CPU
		{B351AD19-AEFC-475A-98DF-AF3941EEAE21}.Debug|Any CPU.ActiveCfg = Debug|Any CPU
		{B351AD19-AEFC-475A-98DF-AF3941EEAE21}.Debug|Any CPU.Build.0 = Debug|Any CPU
		{B351AD19-AEFC-475A-98DF-AF3941EEAE21}.Release|Any CPU.ActiveCfg = Release|Any CPU
		{B351AD19-AEFC-475A-98DF-AF3941EEAE21}.Release|Any CPU.Build.0 = Release|Any CPU
	EndGlobalSection
	GlobalSection(SolutionProperties) = preSolution
		HideSolutionNode = FALSE
	EndGlobalSection
	GlobalSection(ExtensibilityGlobals) = postSolution
		SolutionGuid = {CF2F90A9-4569-44CF-B1FC-2650C2B6913A}
	EndGlobalSection
EndGlobal
