
Microsoft Visual Studio Solution File, Format Version 12.00
# Visual Studio Version 16
VisualStudioVersion = 16.0.29920.165
MinimumVisualStudioVersion = 10.0.40219.1
Project("{FAE04EC0-301F-11D3-BF4B-00C04F79EFBC}") = "Task 1", "Task 1\Task 1.csproj", "{3E0715C6-91F4-4908-A724-C7FAFFDAB32C}"
EndProject
Global
	GlobalSection(SolutionConfigurationPlatforms) = preSolution
		Debug|Any CPU = Debug|Any CPU
		Release|Any CPU = Release|Any CPU
	EndGlobalSection
	GlobalSection(ProjectConfigurationPlatforms) = postSolution
		{3E0715C6-91F4-4908-A724-C7FAFFDAB32C}.Debug|Any CPU.ActiveCfg = Debug|Any CPU
		{3E0715C6-91F4-4908-A724-C7FAFFDAB32C}.Debug|Any CPU.Build.0 = Debug|Any CPU
		{3E0715C6-91F4-4908-A724-C7FAFFDAB32C}.Release|Any CPU.ActiveCfg = Release|Any CPU
		{3E0715C6-91F4-4908-A724-C7FAFFDAB32C}.Release|Any CPU.Build.0 = Release|Any CPU
	EndGlobalSection
	GlobalSection(SolutionProperties) = preSolution
		HideSolutionNode = FALSE
	EndGlobalSection
	GlobalSection(ExtensibilityGlobals) = postSolution
		SolutionGuid = {A08BCD0B-90BB-4D0F-8261-5A411A2D3337}
	EndGlobalSection
EndGlobal
