
Microsoft Visual Studio Solution File, Format Version 12.00
# Visual Studio Version 16
VisualStudioVersion = 16.0.29920.165
MinimumVisualStudioVersion = 10.0.40219.1
Project("{FAE04EC0-301F-11D3-BF4B-00C04F79EFBC}") = "Bonus Task", "Bonus Task\Bonus Task.csproj", "{918174C5-8615-43E6-B020-BB835D10CF88}"
EndProject
Global
	GlobalSection(SolutionConfigurationPlatforms) = preSolution
		Debug|Any CPU = Debug|Any CPU
		Release|Any CPU = Release|Any CPU
	EndGlobalSection
	GlobalSection(ProjectConfigurationPlatforms) = postSolution
		{918174C5-8615-43E6-B020-BB835D10CF88}.Debug|Any CPU.ActiveCfg = Debug|Any CPU
		{918174C5-8615-43E6-B020-BB835D10CF88}.Debug|Any CPU.Build.0 = Debug|Any CPU
		{918174C5-8615-43E6-B020-BB835D10CF88}.Release|Any CPU.ActiveCfg = Release|Any CPU
		{918174C5-8615-43E6-B020-BB835D10CF88}.Release|Any CPU.Build.0 = Release|Any CPU
	EndGlobalSection
	GlobalSection(SolutionProperties) = preSolution
		HideSolutionNode = FALSE
	EndGlobalSection
	GlobalSection(ExtensibilityGlobals) = postSolution
		SolutionGuid = {B2E52701-0882-4B04-8780-603979C24175}
	EndGlobalSection
EndGlobal
